
Microsoft Visual Studio Solution File, Format Version 12.00
# Visual Studio Version 17
VisualStudioVersion = 17.5.001.0
MinimumVisualStudioVersion = 10.0.40219.1
Project("{9A19103F-16F7-4668-BE54-9A1E7A4F7556}") = "BookStoreApi", "BookStoreApi.csproj", "{3BAD7610-4E33-4569-9FB7-0A33B7EECE71}"
EndProject
Global
	GlobalSection(SolutionConfigurationPlatforms) = preSolution
		Debug|Any CPU = Debug|Any CPU
		Release|Any CPU = Release|Any CPU
	EndGlobalSection
	GlobalSection(ProjectConfigurationPlatforms) = postSolution
		{3BAD7610-4E33-4569-9FB7-0A33B7EECE71}.Debug|Any CPU.ActiveCfg = Debug|Any CPU
		{3BAD7610-4E33-4569-9FB7-0A33B7EECE71}.Debug|Any CPU.Build.0 = Debug|Any CPU
		{3BAD7610-4E33-4569-9FB7-0A33B7EECE71}.Release|Any CPU.ActiveCfg = Release|Any CPU
		{3BAD7610-4E33-4569-9FB7-0A33B7EECE71}.Release|Any CPU.Build.0 = Release|Any CPU
	EndGlobalSection
	GlobalSection(SolutionProperties) = preSolution
		HideSolutionNode = FALSE
	EndGlobalSection
	GlobalSection(ExtensibilityGlobals) = postSolution
		SolutionGuid = {EE0260FF-6C7E-472B-B931-983F7F4A5312}
	EndGlobalSection
EndGlobal
